# THIS IS AN AUTOGENERATED FILE. DO NOT EDIT THIS FILE DIRECTLY.
# yarn lockfile v1


"@types/node@^9.6.1":
  version "9.6.41"
  resolved "https://registry.yarnpkg.com/@types/node/-/node-9.6.41.tgz#e57c3152eb2e7ec748c733cebd0c095b437c5d37"

ansi-styles@^3.2.1:
  version "3.2.1"
  resolved "https://registry.yarnpkg.com/ansi-styles/-/ansi-styles-3.2.1.tgz#41fbb20243e50b12be0f04b8dedbf07520ce841d"
  dependencies:
    color-convert "^1.9.0"

array-find@^0.1.1:
  version "0.1.1"
  resolved "https://registry.yarnpkg.com/array-find/-/array-find-0.1.1.tgz#dc813845ad5a9afc35cb92b786c878d81b5b82ce"

ascli@~0.3:
  version "0.3.0"
  resolved "https://registry.yarnpkg.com/ascli/-/ascli-0.3.0.tgz#5e66230e5219fe3e8952a4efb4f20fae596a813a"
  dependencies:
    colour latest
    optjs latest

bufferview@~1:
  version "1.0.1"
  resolved "https://registry.yarnpkg.com/bufferview/-/bufferview-1.0.1.tgz#7afd74a45f937fa422a1d338c08bbfdc76cd725d"

"bytebuffer@~3 >=3.5":
  version "3.5.5"
  resolved "https://registry.yarnpkg.com/bytebuffer/-/bytebuffer-3.5.5.tgz#7a6faf1a13514b083f1fcf9541c4c9bfbe7e7fd3"
  dependencies:
    bufferview "~1"
    long "~2 >=2.2.3"

castv2-client@^1.1.0:
  version "1.2.0"
  resolved "https://registry.yarnpkg.com/castv2-client/-/castv2-client-1.2.0.tgz#a9193b1a5448b8cb9a0415bd021c8811ed7b0544"
  dependencies:
    castv2 "~0.1.4"
    debug "^2.2.0"

castv2@~0.1.4:
  version "0.1.9"
  resolved "https://registry.yarnpkg.com/castv2/-/castv2-0.1.9.tgz#d0b0fab1fd06b0d9cca636886716ec1293a5905a"
  dependencies:
    debug "^2.2.0"
    protobufjs "^3.2.2"

chalk@^2.0.1:
  version "2.4.2"
  resolved "https://registry.yarnpkg.com/chalk/-/chalk-2.4.2.tgz#cd42541677a54333cf541a49108c1432b44c9424"
  dependencies:
    ansi-styles "^3.2.1"
    escape-string-regexp "^1.0.5"
    supports-color "^5.3.0"

chromecast-player@^0.2.3:
  version "0.2.3"
  resolved "https://registry.yarnpkg.com/chromecast-player/-/chromecast-player-0.2.3.tgz#fe9ce69911c88096d681e4242c1902ad30787216"
  dependencies:
    castv2-client "^1.1.0"
    chromecast-scanner "^0.5.0"
    debug "^2.1.1"
    mutate.js "^0.2.0"
    promiscuous "^0.6.0"
    time-line "^1.0.1"
    ware "^1.2.0"
    xtend "^4.0.0"

chromecast-scanner@^0.5.0:
  version "0.5.0"
  resolved "https://registry.yarnpkg.com/chromecast-scanner/-/chromecast-scanner-0.5.0.tgz#01296a3e5d130cce34974eb509cbbc7d6f78dd3d"
  dependencies:
    array-find "^0.1.1"
    multicast-dns "^4.0.0"
    xtend "^4.0.0"

co@3.1.0:
  version "3.1.0"
  resolved "https://registry.yarnpkg.com/co/-/co-3.1.0.tgz#4ea54ea5a08938153185e15210c68d9092bc1b78"

color-convert@^1.9.0:
  version "1.9.3"
  resolved "https://registry.yarnpkg.com/color-convert/-/color-convert-1.9.3.tgz#bb71850690e1f136567de629d2d5471deda4c1e8"
  dependencies:
    color-name "1.1.3"

color-name@1.1.3:
  version "1.1.3"
  resolved "https://registry.yarnpkg.com/color-name/-/color-name-1.1.3.tgz#a7d0558bd89c42f795dd42328f740831ca53bc25"

colour@latest:
  version "0.7.1"
  resolved "https://registry.yarnpkg.com/colour/-/colour-0.7.1.tgz#9cb169917ec5d12c0736d3e8685746df1cadf778"

commander@^2.11.0:
  version "2.19.0"
  resolved "https://registry.yarnpkg.com/commander/-/commander-2.19.0.tgz#f6198aa84e5b83c46054b94ddedbfed5ee9ff12a"

cross-spawn@^6.0.0:
  version "6.0.5"
  resolved "https://registry.yarnpkg.com/cross-spawn/-/cross-spawn-6.0.5.tgz#4a5ec7c64dfae22c3a14124dbacdee846d80cbc4"
  dependencies:
    nice-try "^1.0.4"
    path-key "^2.0.1"
    semver "^5.5.0"
    shebang-command "^1.2.0"
    which "^1.2.9"

debug@^2.1.1, debug@^2.2.0, debug@^2.6.8:
  version "2.6.9"
  resolved "https://registry.yarnpkg.com/debug/-/debug-2.6.9.tgz#5d128515df134ff327e90a4c93f4e077a536341f"
  dependencies:
    ms "2.0.0"

default-gateway@^2.6.0:
  version "2.7.2"
  resolved "https://registry.yarnpkg.com/default-gateway/-/default-gateway-2.7.2.tgz#b7ef339e5e024b045467af403d50348db4642d0f"
  dependencies:
    execa "^0.10.0"
    ip-regex "^2.1.0"

escape-string-regexp@^1.0.5:
  version "1.0.5"
  resolved "https://registry.yarnpkg.com/escape-string-regexp/-/escape-string-regexp-1.0.5.tgz#1b61c0562190a8dff6ae3bb2cf0200ca130b86d4"

execa@^0.10.0:
  version "0.10.0"
  resolved "https://registry.yarnpkg.com/execa/-/execa-0.10.0.tgz#ff456a8f53f90f8eccc71a96d11bdfc7f082cb50"
  dependencies:
    cross-spawn "^6.0.0"
    get-stream "^3.0.0"
    is-stream "^1.1.0"
    npm-run-path "^2.0.0"
    p-finally "^1.0.0"
    signal-exit "^3.0.0"
    strip-eof "^1.0.0"

find-process@^1.1.0:
  version "1.2.1"
  resolved "https://registry.yarnpkg.com/find-process/-/find-process-1.2.1.tgz#2e817add52ef3bf5bdd07c9c739b3d4442bfddf4"
  dependencies:
    chalk "^2.0.1"
    commander "^2.11.0"
    debug "^2.6.8"
    lodash "^4.17.11"

get-stream@^3.0.0:
  version "3.0.0"
  resolved "https://registry.yarnpkg.com/get-stream/-/get-stream-3.0.0.tgz#8e943d1358dc37555054ecbe2edb05aa174ede14"

graceful-fs@^4.1.2:
  version "4.1.15"
  resolved "https://registry.yarnpkg.com/graceful-fs/-/graceful-fs-4.1.15.tgz#ffb703e1066e8a0eeaa4c8b80ba9253eeefbfb00"

has-flag@^3.0.0:
  version "3.0.0"
  resolved "https://registry.yarnpkg.com/has-flag/-/has-flag-3.0.0.tgz#b5d454dc2199ae225699f3467e5a07f3b955bafd"

internal-ip@^3.0.1:
  version "3.0.1"
  resolved "https://registry.yarnpkg.com/internal-ip/-/internal-ip-3.0.1.tgz#df5c99876e1d2eb2ea2d74f520e3f669a00ece27"
  dependencies:
    default-gateway "^2.6.0"
    ipaddr.js "^1.5.2"

ip-regex@^2.1.0:
  version "2.1.0"
  resolved "https://registry.yarnpkg.com/ip-regex/-/ip-regex-2.1.0.tgz#fa78bf5d2e6913c911ce9f819ee5146bb6d844e9"

ipaddr.js@^1.5.2:
  version "1.8.1"
  resolved "https://registry.yarnpkg.com/ipaddr.js/-/ipaddr.js-1.8.1.tgz#fa4b79fa47fd3def5e3b159825161c0a519c9427"

is-stream@^1.1.0:
  version "1.1.0"
  resolved "https://registry.yarnpkg.com/is-stream/-/is-stream-1.1.0.tgz#12d4a3dd4e68e0b79ceb8dbc84173ae80d91ca44"

isexe@^2.0.0:
  version "2.0.0"
  resolved "https://registry.yarnpkg.com/isexe/-/isexe-2.0.0.tgz#e8fbf374dc556ff8947a10dcb0572d633f2cfa10"

lodash@^4.17.11:
  version "4.17.11"
  resolved "https://registry.yarnpkg.com/lodash/-/lodash-4.17.11.tgz#b39ea6229ef607ecd89e2c8df12536891cac9b8d"

"long@~2 >=2.2.3":
  version "2.4.0"
  resolved "https://registry.yarnpkg.com/long/-/long-2.4.0.tgz#9fa180bb1d9500cdc29c4156766a1995e1f4524f"

make-dir@^1.0.0:
  version "1.3.0"
  resolved "https://registry.yarnpkg.com/make-dir/-/make-dir-1.3.0.tgz#79c1033b80515bd6d24ec9933e860ca75ee27f0c"
  dependencies:
    pify "^3.0.0"

ms@2.0.0:
  version "2.0.0"
  resolved "https://registry.yarnpkg.com/ms/-/ms-2.0.0.tgz#5608aeadfc00be6c2901df5f9861788de0d597c8"

multicast-dns@^4.0.0:
  version "4.0.1"
  resolved "https://registry.yarnpkg.com/multicast-dns/-/multicast-dns-4.0.1.tgz#abf022fc866727055a9e0c2bc98097f5ebad97a2"
  dependencies:
    thunky "^0.1.0"

mutate.js@^0.2.0:
  version "0.2.0"
  resolved "https://registry.yarnpkg.com/mutate.js/-/mutate.js-0.2.0.tgz#2e5cb1ac64c937dae28296e8f42af5eafd9bc7ef"

nice-try@^1.0.4:
  version "1.0.5"
  resolved "https://registry.yarnpkg.com/nice-try/-/nice-try-1.0.5.tgz#a3378a7696ce7d223e88fc9b764bd7ef1089e366"

npm-run-path@^2.0.0:
  version "2.0.2"
  resolved "https://registry.yarnpkg.com/npm-run-path/-/npm-run-path-2.0.2.tgz#35a9232dfa35d7067b4cb2ddf2357b1871536c5f"
  dependencies:
    path-key "^2.0.0"

optjs@latest:
  version "3.2.2"
  resolved "https://registry.yarnpkg.com/optjs/-/optjs-3.2.2.tgz#69a6ce89c442a44403141ad2f9b370bd5bb6f4ee"

p-finally@^1.0.0:
  version "1.0.0"
  resolved "https://registry.yarnpkg.com/p-finally/-/p-finally-1.0.0.tgz#3fbcfb15b899a44123b34b6dcc18b724336a2cae"

path-key@^2.0.0, path-key@^2.0.1:
  version "2.0.1"
  resolved "https://registry.yarnpkg.com/path-key/-/path-key-2.0.1.tgz#411cadb574c5a140d3a4b1910d40d80cc9f40b40"

pify@^3.0.0:
  version "3.0.0"
  resolved "https://registry.yarnpkg.com/pify/-/pify-3.0.0.tgz#e5a4acd2c101fdf3d9a4d07f0dbc4db49dd28176"

promiscuous@^0.6.0:
  version "0.6.0"
  resolved "https://registry.yarnpkg.com/promiscuous/-/promiscuous-0.6.0.tgz#54014cd3d62cafe831e3354990c05ff5b78c8892"

protobufjs@^3.2.2:
  version "3.8.2"
  resolved "https://registry.yarnpkg.com/protobufjs/-/protobufjs-3.8.2.tgz#bc826e34c3af4697e8d0af7a669e4d612aedcd17"
  dependencies:
    ascli "~0.3"
    bytebuffer "~3 >=3.5"

semver@^5.5.0:
  version "5.6.0"
  resolved "https://registry.yarnpkg.com/semver/-/semver-5.6.0.tgz#7e74256fbaa49c75aa7c7a205cc22799cac80004"

shebang-command@^1.2.0:
  version "1.2.0"
  resolved "https://registry.yarnpkg.com/shebang-command/-/shebang-command-1.2.0.tgz#44aac65b695b03398968c39f363fee5deafdf1ea"
  dependencies:
    shebang-regex "^1.0.0"

shebang-regex@^1.0.0:
  version "1.0.0"
  resolved "https://registry.yarnpkg.com/shebang-regex/-/shebang-regex-1.0.0.tgz#da42f49740c0b42db2ca9728571cb190c98efea3"

signal-exit@^3.0.0:
  version "3.0.2"
  resolved "https://registry.yarnpkg.com/signal-exit/-/signal-exit-3.0.2.tgz#b5fdc08f1287ea1178628e415e25132b73646c6d"

strip-eof@^1.0.0:
  version "1.0.0"
  resolved "https://registry.yarnpkg.com/strip-eof/-/strip-eof-1.0.0.tgz#bb43ff5598a6eb05d89b59fcd129c983313606bf"

supports-color@^5.3.0:
  version "5.5.0"
  resolved "https://registry.yarnpkg.com/supports-color/-/supports-color-5.5.0.tgz#e2e69a44ac8772f78a1ec0b35b689df6530efc8f"
  dependencies:
    has-flag "^3.0.0"

temp-dir@^1.0.0:
  version "1.0.0"
  resolved "https://registry.yarnpkg.com/temp-dir/-/temp-dir-1.0.0.tgz#0a7c0ea26d3a39afa7e0ebea9c1fc0bc4daa011d"

temp-write@^3.4.0:
  version "3.4.0"
  resolved "https://registry.yarnpkg.com/temp-write/-/temp-write-3.4.0.tgz#8cff630fb7e9da05f047c74ce4ce4d685457d492"
  dependencies:
    graceful-fs "^4.1.2"
    is-stream "^1.1.0"
    make-dir "^1.0.0"
    pify "^3.0.0"
    temp-dir "^1.0.0"
    uuid "^3.0.1"

thunky@^0.1.0:
  version "0.1.0"
  resolved "https://registry.yarnpkg.com/thunky/-/thunky-0.1.0.tgz#bf30146824e2b6e67b0f2d7a4ac8beb26908684e"

time-line@^1.0.1:
  version "1.0.1"
  resolved "https://registry.yarnpkg.com/time-line/-/time-line-1.0.1.tgz#afb89542301c3b5010d118c66b5d63920f5e9a7a"

uuid@^3.0.1:
  version "3.3.2"
  resolved "https://registry.yarnpkg.com/uuid/-/uuid-3.3.2.tgz#1b4af4955eb3077c501c23872fc6513811587131"

ware@^1.2.0:
  version "1.3.0"
  resolved "https://registry.yarnpkg.com/ware/-/ware-1.3.0.tgz#d1b14f39d2e2cb4ab8c4098f756fe4b164e473d4"
  dependencies:
    wrap-fn "^0.1.0"

which@^1.2.9:
  version "1.3.1"
  resolved "https://registry.yarnpkg.com/which/-/which-1.3.1.tgz#a45043d54f5805316da8d62f9f50918d3da70b0a"
  dependencies:
    isexe "^2.0.0"

wrap-fn@^0.1.0:
  version "0.1.5"
  resolved "https://registry.yarnpkg.com/wrap-fn/-/wrap-fn-0.1.5.tgz#f21b6e41016ff4a7e31720dbc63a09016bdf9845"
  dependencies:
    co "3.1.0"

xtend@^4.0.0:
  version "4.0.1"
  resolved "https://registry.yarnpkg.com/xtend/-/xtend-4.0.1.tgz#a5c6d532be656e23db820efb943a1f04998d63af"
